
Microsoft Visual Studio Solution File, Format Version 12.00
# Visual Studio Version 16
VisualStudioVersion = 16.0.30225.117
MinimumVisualStudioVersion = 10.0.40219.1
Project("{FAE04EC0-301F-11D3-BF4B-00C04F79EFBC}") = "MarketStore", "MarketStore\MarketStore.csproj", "{022463B6-874C-4647-AE05-740F5A919D89}"
EndProject
Global
	GlobalSection(SolutionConfigurationPlatforms) = preSolution
		Debug|Any CPU = Debug|Any CPU
		Release|Any CPU = Release|Any CPU
	EndGlobalSection
	GlobalSection(ProjectConfigurationPlatforms) = postSolution
		{022463B6-874C-4647-AE05-740F5A919D89}.Debug|Any CPU.ActiveCfg = Debug|Any CPU
		{022463B6-874C-4647-AE05-740F5A919D89}.Debug|Any CPU.Build.0 = Debug|Any CPU
		{022463B6-874C-4647-AE05-740F5A919D89}.Release|Any CPU.ActiveCfg = Release|Any CPU
		{022463B6-874C-4647-AE05-740F5A919D89}.Release|Any CPU.Build.0 = Release|Any CPU
	EndGlobalSection
	GlobalSection(SolutionProperties) = preSolution
		HideSolutionNode = FALSE
	EndGlobalSection
	GlobalSection(ExtensibilityGlobals) = postSolution
		SolutionGuid = {DF281A4B-899B-4266-9BC9-E497F76D6D29}
	EndGlobalSection
EndGlobal
